
Microsoft Visual Studio Solution File, Format Version 12.00
# Visual Studio 2012
Project("{FAE04EC0-301F-11D3-BF4B-00C04F79EFBC}") = "RaleighCrime", "RaleighCrime\RaleighCrime.csproj", "{E52B3581-B25D-4D8F-9ADE-A6A94C59CC23}"
EndProject
Project("{FAE04EC0-301F-11D3-BF4B-00C04F79EFBC}") = "RaleighCrimeTests", "RaleighCrimeTests\RaleighCrimeTests.csproj", "{6FC07B2B-90D1-4898-AB08-9783DED55706}"
EndProject
Project("{FAE04EC0-301F-11D3-BF4B-00C04F79EFBC}") = "RaleighCrimeConsole", "RaleighCrimeConsole\RaleighCrimeConsole.csproj", "{8595B5A1-803A-4749-B8AD-F2EA28565F5B}"
EndProject
Global
	GlobalSection(SolutionConfigurationPlatforms) = preSolution
		Debug|Any CPU = Debug|Any CPU
		Release|Any CPU = Release|Any CPU
	EndGlobalSection
	GlobalSection(ProjectConfigurationPlatforms) = postSolution
		{E52B3581-B25D-4D8F-9ADE-A6A94C59CC23}.Debug|Any CPU.ActiveCfg = Debug|Any CPU
		{E52B3581-B25D-4D8F-9ADE-A6A94C59CC23}.Debug|Any CPU.Build.0 = Debug|Any CPU
		{E52B3581-B25D-4D8F-9ADE-A6A94C59CC23}.Release|Any CPU.ActiveCfg = Release|Any CPU
		{E52B3581-B25D-4D8F-9ADE-A6A94C59CC23}.Release|Any CPU.Build.0 = Release|Any CPU
		{6FC07B2B-90D1-4898-AB08-9783DED55706}.Debug|Any CPU.ActiveCfg = Debug|Any CPU
		{6FC07B2B-90D1-4898-AB08-9783DED55706}.Debug|Any CPU.Build.0 = Debug|Any CPU
		{6FC07B2B-90D1-4898-AB08-9783DED55706}.Release|Any CPU.ActiveCfg = Release|Any CPU
		{6FC07B2B-90D1-4898-AB08-9783DED55706}.Release|Any CPU.Build.0 = Release|Any CPU
		{8595B5A1-803A-4749-B8AD-F2EA28565F5B}.Debug|Any CPU.ActiveCfg = Debug|Any CPU
		{8595B5A1-803A-4749-B8AD-F2EA28565F5B}.Debug|Any CPU.Build.0 = Debug|Any CPU
		{8595B5A1-803A-4749-B8AD-F2EA28565F5B}.Release|Any CPU.ActiveCfg = Release|Any CPU
		{8595B5A1-803A-4749-B8AD-F2EA28565F5B}.Release|Any CPU.Build.0 = Release|Any CPU
	EndGlobalSection
	GlobalSection(SolutionProperties) = preSolution
		HideSolutionNode = FALSE
	EndGlobalSection
EndGlobal
